
Microsoft Visual Studio Solution File, Format Version 12.00
# Visual Studio Version 17
VisualStudioVersion = 17.5.33516.290
MinimumVisualStudioVersion = 10.0.40219.1
Project("{FAE04EC0-301F-11D3-BF4B-00C04F79EFBC}") = "Clock", "Clock\Clock.csproj", "{83EDB932-85BF-4BE1-9850-EC539C4FAAFD}"
EndProject
Global
	GlobalSection(SolutionConfigurationPlatforms) = preSolution
		Debug|Any CPU = Debug|Any CPU
		Release|Any CPU = Release|Any CPU
	EndGlobalSection
	GlobalSection(ProjectConfigurationPlatforms) = postSolution
		{83EDB932-85BF-4BE1-9850-EC539C4FAAFD}.Debug|Any CPU.ActiveCfg = Debug|Any CPU
		{83EDB932-85BF-4BE1-9850-EC539C4FAAFD}.Debug|Any CPU.Build.0 = Debug|Any CPU
		{83EDB932-85BF-4BE1-9850-EC539C4FAAFD}.Release|Any CPU.ActiveCfg = Release|Any CPU
		{83EDB932-85BF-4BE1-9850-EC539C4FAAFD}.Release|Any CPU.Build.0 = Release|Any CPU
	EndGlobalSection
	GlobalSection(SolutionProperties) = preSolution
		HideSolutionNode = FALSE
	EndGlobalSection
	GlobalSection(ExtensibilityGlobals) = postSolution
		SolutionGuid = {7B6A58B3-1849-405F-BA33-D2C52520B419}
	EndGlobalSection
EndGlobal
