
Microsoft Visual Studio Solution File, Format Version 12.00
# Visual Studio Version 16
VisualStudioVersion = 16.0.31624.102
MinimumVisualStudioVersion = 10.0.40219.1
Project("{FAE04EC0-301F-11D3-BF4B-00C04F79EFBC}") = "Lab9", "Lab9.csproj", "{4D3077AC-DFF0-44B4-8C38-697FD9DD458A}"
EndProject
Global
	GlobalSection(SolutionConfigurationPlatforms) = preSolution
		Debug|Any CPU = Debug|Any CPU
		Release|Any CPU = Release|Any CPU
	EndGlobalSection
	GlobalSection(ProjectConfigurationPlatforms) = postSolution
		{4D3077AC-DFF0-44B4-8C38-697FD9DD458A}.Debug|Any CPU.ActiveCfg = Debug|Any CPU
		{4D3077AC-DFF0-44B4-8C38-697FD9DD458A}.Debug|Any CPU.Build.0 = Debug|Any CPU
		{4D3077AC-DFF0-44B4-8C38-697FD9DD458A}.Release|Any CPU.ActiveCfg = Release|Any CPU
		{4D3077AC-DFF0-44B4-8C38-697FD9DD458A}.Release|Any CPU.Build.0 = Release|Any CPU
	EndGlobalSection
	GlobalSection(SolutionProperties) = preSolution
		HideSolutionNode = FALSE
	EndGlobalSection
	GlobalSection(ExtensibilityGlobals) = postSolution
		SolutionGuid = {2412FF8F-DABF-4BAE-9D0F-4AE96CBA15EA}
	EndGlobalSection
EndGlobal
