
Microsoft Visual Studio Solution File, Format Version 12.00
# Visual Studio Version 17
VisualStudioVersion = 17.10.34916.146
MinimumVisualStudioVersion = 10.0.40219.1
Project("{FAE04EC0-301F-11D3-BF4B-00C04F79EFBC}") = "WindowsFormsApp1", "WindowsFormsApp1.csproj", "{1134ED2F-5E8E-46B1-8DF3-FFB3321BBE0F}"
EndProject
Global
	GlobalSection(SolutionConfigurationPlatforms) = preSolution
		Debug|Any CPU = Debug|Any CPU
		Release|Any CPU = Release|Any CPU
	EndGlobalSection
	GlobalSection(ProjectConfigurationPlatforms) = postSolution
		{1134ED2F-5E8E-46B1-8DF3-FFB3321BBE0F}.Debug|Any CPU.ActiveCfg = Debug|Any CPU
		{1134ED2F-5E8E-46B1-8DF3-FFB3321BBE0F}.Debug|Any CPU.Build.0 = Debug|Any CPU
		{1134ED2F-5E8E-46B1-8DF3-FFB3321BBE0F}.Release|Any CPU.ActiveCfg = Release|Any CPU
		{1134ED2F-5E8E-46B1-8DF3-FFB3321BBE0F}.Release|Any CPU.Build.0 = Release|Any CPU
	EndGlobalSection
	GlobalSection(SolutionProperties) = preSolution
		HideSolutionNode = FALSE
	EndGlobalSection
	GlobalSection(ExtensibilityGlobals) = postSolution
		SolutionGuid = {AC43059F-F3A1-4EEB-8661-7DE9AC401D8F}
	EndGlobalSection
EndGlobal
