
Microsoft Visual Studio Solution File, Format Version 12.00
# Visual Studio Version 16
VisualStudioVersion = 16.0.28803.202
MinimumVisualStudioVersion = 10.0.40219.1
Project("{FAE04EC0-301F-11D3-BF4B-00C04F79EFBC}") = "clockApplication", "clockApplication.csproj", "{456E8FBC-5BC0-4D6A-A3E0-78E23CF60325}"
EndProject
Global
	GlobalSection(SolutionConfigurationPlatforms) = preSolution
		Debug|Any CPU = Debug|Any CPU
		Release|Any CPU = Release|Any CPU
	EndGlobalSection
	GlobalSection(ProjectConfigurationPlatforms) = postSolution
		{456E8FBC-5BC0-4D6A-A3E0-78E23CF60325}.Debug|Any CPU.ActiveCfg = Debug|Any CPU
		{456E8FBC-5BC0-4D6A-A3E0-78E23CF60325}.Debug|Any CPU.Build.0 = Debug|Any CPU
		{456E8FBC-5BC0-4D6A-A3E0-78E23CF60325}.Release|Any CPU.ActiveCfg = Release|Any CPU
		{456E8FBC-5BC0-4D6A-A3E0-78E23CF60325}.Release|Any CPU.Build.0 = Release|Any CPU
	EndGlobalSection
	GlobalSection(SolutionProperties) = preSolution
		HideSolutionNode = FALSE
	EndGlobalSection
	GlobalSection(ExtensibilityGlobals) = postSolution
		SolutionGuid = {D216CC9F-9D2E-49A9-B7F4-B52BF01A1A93}
	EndGlobalSection
EndGlobal
