
Microsoft Visual Studio Solution File, Format Version 12.00
# Visual Studio Version 17
VisualStudioVersion = 17.2.32526.322
MinimumVisualStudioVersion = 10.0.40219.1
Project("{FAE04EC0-301F-11D3-BF4B-00C04F79EFBC}") = "lab9", "lab9\lab9.csproj", "{AB828E89-2DA3-4BDA-9A0F-7B4E0A41A399}"
EndProject
Global
	GlobalSection(SolutionConfigurationPlatforms) = preSolution
		Debug|Any CPU = Debug|Any CPU
		Release|Any CPU = Release|Any CPU
	EndGlobalSection
	GlobalSection(ProjectConfigurationPlatforms) = postSolution
		{AB828E89-2DA3-4BDA-9A0F-7B4E0A41A399}.Debug|Any CPU.ActiveCfg = Debug|Any CPU
		{AB828E89-2DA3-4BDA-9A0F-7B4E0A41A399}.Debug|Any CPU.Build.0 = Debug|Any CPU
		{AB828E89-2DA3-4BDA-9A0F-7B4E0A41A399}.Release|Any CPU.ActiveCfg = Release|Any CPU
		{AB828E89-2DA3-4BDA-9A0F-7B4E0A41A399}.Release|Any CPU.Build.0 = Release|Any CPU
	EndGlobalSection
	GlobalSection(SolutionProperties) = preSolution
		HideSolutionNode = FALSE
	EndGlobalSection
	GlobalSection(ExtensibilityGlobals) = postSolution
		SolutionGuid = {E4E3C750-8840-49DF-A60D-683D88E46FD6}
	EndGlobalSection
EndGlobal
